
Microsoft Visual Studio Solution File, Format Version 12.00
# Visual Studio Version 17
VisualStudioVersion = 17.3.32819.101
MinimumVisualStudioVersion = 10.0.40219.1
Project("{FAE04EC0-301F-11D3-BF4B-00C04F79EFBC}") = "arm-template-test", "arm-template-test\arm-template-test.csproj", "{5155B644-ECD5-4841-A7DC-4282CD2D764A}"
EndProject
Project("{151D2E53-A2C4-4D7D-83FE-D05416EBD58E}") = "arm-template-pipeline", "arm-template-pipeline\arm-template-pipeline.deployproj", "{E67643F6-5E80-481B-AB19-D51EC025D59F}"
EndProject
Global
	GlobalSection(SolutionConfigurationPlatforms) = preSolution
		Debug|Any CPU = Debug|Any CPU
		Release|Any CPU = Release|Any CPU
	EndGlobalSection
	GlobalSection(ProjectConfigurationPlatforms) = postSolution
		{5155B644-ECD5-4841-A7DC-4282CD2D764A}.Debug|Any CPU.ActiveCfg = Debug|Any CPU
		{5155B644-ECD5-4841-A7DC-4282CD2D764A}.Debug|Any CPU.Build.0 = Debug|Any CPU
		{5155B644-ECD5-4841-A7DC-4282CD2D764A}.Release|Any CPU.ActiveCfg = Release|Any CPU
		{5155B644-ECD5-4841-A7DC-4282CD2D764A}.Release|Any CPU.Build.0 = Release|Any CPU
		{E67643F6-5E80-481B-AB19-D51EC025D59F}.Debug|Any CPU.ActiveCfg = Debug|Any CPU
		{E67643F6-5E80-481B-AB19-D51EC025D59F}.Debug|Any CPU.Build.0 = Debug|Any CPU
		{E67643F6-5E80-481B-AB19-D51EC025D59F}.Release|Any CPU.ActiveCfg = Release|Any CPU
		{E67643F6-5E80-481B-AB19-D51EC025D59F}.Release|Any CPU.Build.0 = Release|Any CPU
	EndGlobalSection
	GlobalSection(SolutionProperties) = preSolution
		HideSolutionNode = FALSE
	EndGlobalSection
	GlobalSection(ExtensibilityGlobals) = postSolution
		SolutionGuid = {E961CC2D-3B6E-4540-B8E7-C4556381F198}
	EndGlobalSection
EndGlobal
